
Microsoft Visual Studio Solution File, Format Version 12.00
# Visual Studio Version 17
VisualStudioVersion = 17.0.31903.59
MinimumVisualStudioVersion = 10.0.40219.1
Project("{FAE04EC0-301F-11D3-BF4B-00C04F79EFBC}") = "Candid.Net", "Candid.Net\Candid.Net.csproj", "{651A4058-A91A-4CD4-994E-D07A17D9D8FB}"
EndProject
Project("{FAE04EC0-301F-11D3-BF4B-00C04F79EFBC}") = "Candid.Net.Test", "Candid.Net.Test\Candid.Net.Test.csproj", "{779D819B-C8E2-4D86-A47E-F310E6C8371F}"
EndProject
Global
	GlobalSection(SolutionConfigurationPlatforms) = preSolution
		Debug|Any CPU = Debug|Any CPU
		Release|Any CPU = Release|Any CPU
	EndGlobalSection
	GlobalSection(SolutionProperties) = preSolution
		HideSolutionNode = FALSE
	EndGlobalSection
	GlobalSection(ProjectConfigurationPlatforms) = postSolution
		{651A4058-A91A-4CD4-994E-D07A17D9D8FB}.Debug|Any CPU.ActiveCfg = Debug|Any CPU
		{651A4058-A91A-4CD4-994E-D07A17D9D8FB}.Debug|Any CPU.Build.0 = Debug|Any CPU
		{651A4058-A91A-4CD4-994E-D07A17D9D8FB}.Release|Any CPU.ActiveCfg = Release|Any CPU
		{651A4058-A91A-4CD4-994E-D07A17D9D8FB}.Release|Any CPU.Build.0 = Release|Any CPU
		{779D819B-C8E2-4D86-A47E-F310E6C8371F}.Debug|Any CPU.ActiveCfg = Debug|Any CPU
		{779D819B-C8E2-4D86-A47E-F310E6C8371F}.Debug|Any CPU.Build.0 = Debug|Any CPU
		{779D819B-C8E2-4D86-A47E-F310E6C8371F}.Release|Any CPU.ActiveCfg = Release|Any CPU
		{779D819B-C8E2-4D86-A47E-F310E6C8371F}.Release|Any CPU.Build.0 = Release|Any CPU
	EndGlobalSection
EndGlobal
